// !$*UTF8*$!
{
	archiveVersion = 1;
	classes = {
	};
	objectVersion = 56;
	objects = {

/* Begin PBXBuildFile section */
		786EE14B291A8475000B5126 /* AppDelegate.swift in Sources */ = {isa = PBXBuildFile; fileRef = 786EE14A291A8475000B5126 /* AppDelegate.swift */; };
		786EE14D291A8475000B5126 /* SceneDelegate.swift in Sources */ = {isa = PBXBuildFile; fileRef = 786EE14C291A8475000B5126 /* SceneDelegate.swift */; };
		786EE14F291A8475000B5126 /* ViewController.swift in Sources */ = {isa = PBXBuildFile; fileRef = 786EE14E291A8475000B5126 /* ViewController.swift */; };
		786EE154291A8476000B5126 /* Assets.xcassets in Resources */ = {isa = PBXBuildFile; fileRef = 786EE153291A8476000B5126 /* Assets.xcassets */; };
		786EE157291A8476000B5126 /* LaunchScreen.storyboard in Resources */ = {isa = PBXBuildFile; fileRef = 786EE155291A8476000B5126 /* LaunchScreen.storyboard */; };
		786EE160291A854B000B5126 /* Main.storyboard in Resources */ = {isa = PBXBuildFile; fileRef = 786EE15E291A854B000B5126 /* Main.storyboard */; };
		786EE162291A85EE000B5126 /* RegisterView.swift in Sources */ = {isa = PBXBuildFile; fileRef = 786EE161291A85EE000B5126 /* RegisterView.swift */; };
		786EE164291A86C0000B5126 /* NameView.swift in Sources */ = {isa = PBXBuildFile; fileRef = 786EE163291A86C0000B5126 /* NameView.swift */; };
		786EE166291A86CB000B5126 /* AlterView.swift in Sources */ = {isa = PBXBuildFile; fileRef = 786EE165291A86CB000B5126 /* AlterView.swift */; };
		786EE168291A86D7000B5126 /* ProfilbildView.swift in Sources */ = {isa = PBXBuildFile; fileRef = 786EE167291A86D7000B5126 /* ProfilbildView.swift */; };
		786EE16A291A86E0000B5126 /* LoginView.swift in Sources */ = {isa = PBXBuildFile; fileRef = 786EE169291A86E0000B5126 /* LoginView.swift */; };
		786EE16C291A86FB000B5126 /* PasswortVergessenView.swift in Sources */ = {isa = PBXBuildFile; fileRef = 786EE16B291A86FB000B5126 /* PasswortVergessenView.swift */; };
/* End PBXBuildFile section */

/* Begin PBXFileReference section */
		786EE147291A8475000B5126 /* MEETGREETANDEAT.app */ = {isa = PBXFileReference; explicitFileType = wrapper.application; includeInIndex = 0; path = MEETGREETANDEAT.app; sourceTree = BUILT_PRODUCTS_DIR; };
		786EE14A291A8475000B5126 /* AppDelegate.swift */ = {isa = PBXFileReference; lastKnownFileType = sourcecode.swift; path = AppDelegate.swift; sourceTree = "<group>"; };
		786EE14C291A8475000B5126 /* SceneDelegate.swift */ = {isa = PBXFileReference; lastKnownFileType = sourcecode.swift; path = SceneDelegate.swift; sourceTree = "<group>"; };
		786EE14E291A8475000B5126 /* ViewController.swift */ = {isa = PBXFileReference; lastKnownFileType = sourcecode.swift; path = ViewController.swift; sourceTree = "<group>"; };
		786EE153291A8476000B5126 /* Assets.xcassets */ = {isa = PBXFileReference; lastKnownFileType = folder.assetcatalog; path = Assets.xcassets; sourceTree = "<group>"; };
		786EE156291A8476000B5126 /* Base */ = {isa = PBXFileReference; lastKnownFileType = file.storyboard; name = Base; path = Base.lproj/LaunchScreen.storyboard; sourceTree = "<group>"; };
		786EE158291A8476000B5126 /* Info.plist */ = {isa = PBXFileReference; lastKnownFileType = text.plist.xml; path = Info.plist; sourceTree = "<group>"; };
		786EE15F291A854B000B5126 /* Base */ = {isa = PBXFileReference; lastKnownFileType = file.storyboard; name = Base; path = ../../../TGM/5.Klasse/HelloWorldApp/HelloWorldApp/Base.lproj/Main.storyboard; sourceTree = "<group>"; };
		786EE161291A85EE000B5126 /* RegisterView.swift */ = {isa = PBXFileReference; lastKnownFileType = sourcecode.swift; path = RegisterView.swift; sourceTree = "<group>"; };
		786EE163291A86C0000B5126 /* NameView.swift */ = {isa = PBXFileReference; lastKnownFileType = sourcecode.swift; path = NameView.swift; sourceTree = "<group>"; };
		786EE165291A86CB000B5126 /* AlterView.swift */ = {isa = PBXFileReference; lastKnownFileType = sourcecode.swift; path = AlterView.swift; sourceTree = "<group>"; };
		786EE167291A86D7000B5126 /* ProfilbildView.swift */ = {isa = PBXFileReference; lastKnownFileType = sourcecode.swift; path = ProfilbildView.swift; sourceTree = "<group>"; };
		786EE169291A86E0000B5126 /* LoginView.swift */ = {isa = PBXFileReference; lastKnownFileType = sourcecode.swift; path = LoginView.swift; sourceTree = "<group>"; };
		786EE16B291A86FB000B5126 /* PasswortVergessenView.swift */ = {isa = PBXFileReference; lastKnownFileType = sourcecode.swift; path = PasswortVergessenView.swift; sourceTree = "<group>"; };
/* End PBXFileReference section */

/* Begin PBXFrameworksBuildPhase section */
		786EE144291A8475000B5126 /* Frameworks */ = {
			isa = PBXFrameworksBuildPhase;
			buildActionMask = 2147483647;
			files = (
			);
			runOnlyForDeploymentPostprocessing = 0;
		};
/* End PBXFrameworksBuildPhase section */

/* Begin PBXGroup section */
		786EE13E291A8475000B5126 = {
			isa = PBXGroup;
			children = (
				786EE149291A8475000B5126 /* MEETGREETANDEAT */,
				786EE148291A8475000B5126 /* Products */,
			);
			sourceTree = "<group>";
		};
		786EE148291A8475000B5126 /* Products */ = {
			isa = PBXGroup;
			children = (
				786EE147291A8475000B5126 /* MEETGREETANDEAT.app */,
			);
			name = Products;
			sourceTree = "<group>";
		};
		786EE149291A8475000B5126 /* MEETGREETANDEAT */ = {
			isa = PBXGroup;
			children = (
				786EE14A291A8475000B5126 /* AppDelegate.swift */,
				786EE15E291A854B000B5126 /* Main.storyboard */,
				786EE16B291A86FB000B5126 /* PasswortVergessenView.swift */,
				786EE169291A86E0000B5126 /* LoginView.swift */,
				786EE167291A86D7000B5126 /* ProfilbildView.swift */,
				786EE165291A86CB000B5126 /* AlterView.swift */,
				786EE163291A86C0000B5126 /* NameView.swift */,
				786EE161291A85EE000B5126 /* RegisterView.swift */,
				786EE14C291A8475000B5126 /* SceneDelegate.swift */,
				786EE14E291A8475000B5126 /* ViewController.swift */,
				786EE153291A8476000B5126 /* Assets.xcassets */,
				786EE155291A8476000B5126 /* LaunchScreen.storyboard */,
				786EE158291A8476000B5126 /* Info.plist */,
			);
			path = MEETGREETANDEAT;
			sourceTree = "<group>";
		};
/* End PBXGroup section */

/* Begin PBXNativeTarget section */
		786EE146291A8475000B5126 /* MEETGREETANDEAT */ = {
			isa = PBXNativeTarget;
			buildConfigurationList = 786EE15B291A8476000B5126 /* Build configuration list for PBXNativeTarget "MEETGREETANDEAT" */;
			buildPhases = (
				786EE143291A8475000B5126 /* Sources */,
				786EE144291A8475000B5126 /* Frameworks */,
				786EE145291A8475000B5126 /* Resources */,
			);
			buildRules = (
			);
			dependencies = (
			);
			name = MEETGREETANDEAT;
			productName = MEETGREETANDEAT;
			productReference = 786EE147291A8475000B5126 /* MEETGREETANDEAT.app */;
			productType = "com.apple.product-type.application";
		};
/* End PBXNativeTarget section */

/* Begin PBXProject section */
		786EE13F291A8475000B5126 /* Project object */ = {
			isa = PBXProject;
			attributes = {
				BuildIndependentTargetsInParallel = 1;
				LastSwiftUpdateCheck = 1410;
				LastUpgradeCheck = 1410;
				TargetAttributes = {
					786EE146291A8475000B5126 = {
						CreatedOnToolsVersion = 14.1;
					};
				};
			};
			buildConfigurationList = 786EE142291A8475000B5126 /* Build configuration list for PBXProject "MEETGREETANDEAT" */;
			compatibilityVersion = "Xcode 14.0";
			developmentRegion = en;
			hasScannedForEncodings = 0;
			knownRegions = (
				en,
				Base,
			);
			mainGroup = 786EE13E291A8475000B5126;
			productRefGroup = 786EE148291A8475000B5126 /* Products */;
			projectDirPath = "";
			projectRoot = "";
			targets = (
				786EE146291A8475000B5126 /* MEETGREETANDEAT */,
			);
		};
/* End PBXProject section */

/* Begin PBXResourcesBuildPhase section */
		786EE145291A8475000B5126 /* Resources */ = {
			isa = PBXResourcesBuildPhase;
			buildActionMask = 2147483647;
			files = (
				786EE160291A854B000B5126 /* Main.storyboard in Resources */,
				786EE157291A8476000B5126 /* LaunchScreen.storyboard in Resources */,
				786EE154291A8476000B5126 /* Assets.xcassets in Resources */,
			);
			runOnlyForDeploymentPostprocessing = 0;
		};
/* End PBXResourcesBuildPhase section */

/* Begin PBXSourcesBuildPhase section */
		786EE143291A8475000B5126 /* Sources */ = {
			isa = PBXSourcesBuildPhase;
			buildActionMask = 2147483647;
			files = (
				786EE14F291A8475000B5126 /* ViewController.swift in Sources */,
				786EE162291A85EE000B5126 /* RegisterView.swift in Sources */,
				786EE168291A86D7000B5126 /* ProfilbildView.swift in Sources */,
				786EE164291A86C0000B5126 /* NameView.swift in Sources */,
				786EE166291A86CB000B5126 /* AlterView.swift in Sources */,
				786EE14B291A8475000B5126 /* AppDelegate.swift in Sources */,
				786EE16A291A86E0000B5126 /* LoginView.swift in Sources */,
				786EE16C291A86FB000B5126 /* PasswortVergessenView.swift in Sources */,
				786EE14D291A8475000B5126 /* SceneDelegate.swift in Sources */,
			);
			runOnlyForDeploymentPostprocessing = 0;
		};
/* End PBXSourcesBuildPhase section */

/* Begin PBXVariantGroup section */
		786EE155291A8476000B5126 /* LaunchScreen.storyboard */ = {
			isa = PBXVariantGroup;
			children = (
				786EE156291A8476000B5126 /* Base */,
			);
			name = LaunchScreen.storyboard;
			sourceTree = "<group>";
		};
		786EE15E291A854B000B5126 /* Main.storyboard */ = {
			isa = PBXVariantGroup;
			children = (
				786EE15F291A854B000B5126 /* Base */,
			);
			name = Main.storyboard;
			sourceTree = "<group>";
		};
/* End PBXVariantGroup section */

/* Begin XCBuildConfiguration section */
		786EE159291A8476000B5126 /* Debug */ = {
			isa = XCBuildConfiguration;
			buildSettings = {
				ALWAYS_SEARCH_USER_PATHS = NO;
				CLANG_ANALYZER_NONNULL = YES;
				CLANG_ANALYZER_NUMBER_OBJECT_CONVERSION = YES_AGGRESSIVE;
				CLANG_CXX_LANGUAGE_STANDARD = "gnu++20";
				CLANG_ENABLE_MODULES = YES;
				CLANG_ENABLE_OBJC_ARC = YES;
				CLANG_ENABLE_OBJC_WEAK = YES;
				CLANG_WARN_BLOCK_CAPTURE_AUTORELEASING = YES;
				CLANG_WARN_BOOL_CONVERSION = YES;
				CLANG_WARN_COMMA = YES;
				CLANG_WARN_CONSTANT_CONVERSION = YES;
				CLANG_WARN_DEPRECATED_OBJC_IMPLEMENTATIONS = YES;
				CLANG_WARN_DIRECT_OBJC_ISA_USAGE = YES_ERROR;
				CLANG_WARN_DOCUMENTATION_COMMENTS = YES;
				CLANG_WARN_EMPTY_BODY = YES;
				CLANG_WARN_ENUM_CONVERSION = YES;
				CLANG_WARN_INFINITE_RECURSION = YES;
				CLANG_WARN_INT_CONVERSION = YES;
				CLANG_WARN_NON_LITERAL_NULL_CONVERSION = YES;
				CLANG_WARN_OBJC_IMPLICIT_RETAIN_SELF = YES;
				CLANG_WARN_OBJC_LITERAL_CONVERSION = YES;
				CLANG_WARN_OBJC_ROOT_CLASS = YES_ERROR;
				CLANG_WARN_QUOTED_INCLUDE_IN_FRAMEWORK_HEADER = YES;
				CLANG_WARN_RANGE_LOOP_ANALYSIS = YES;
				CLANG_WARN_STRICT_PROTOTYPES = YES;
				CLANG_WARN_SUSPICIOUS_MOVE = YES;
				CLANG_WARN_UNGUARDED_AVAILABILITY = YES_AGGRESSIVE;
				CLANG_WARN_UNREACHABLE_CODE = YES;
				CLANG_WARN__DUPLICATE_METHOD_MATCH = YES;
				COPY_PHASE_STRIP = NO;
				DEBUG_INFORMATION_FORMAT = dwarf;
				ENABLE_STRICT_OBJC_MSGSEND = YES;
				ENABLE_TESTABILITY = YES;
				GCC_C_LANGUAGE_STANDARD = gnu11;
				GCC_DYNAMIC_NO_PIC = NO;
				GCC_NO_COMMON_BLOCKS = YES;
				GCC_OPTIMIZATION_LEVEL = 0;
				GCC_PREPROCESSOR_DEFINITIONS = (
					"DEBUG=1",
					"$(inherited)",
				);
				GCC_WARN_64_TO_32_BIT_CONVERSION = YES;
				GCC_WARN_ABOUT_RETURN_TYPE = YES_ERROR;
				GCC_WARN_UNDECLARED_SELECTOR = YES;
				GCC_WARN_UNINITIALIZED_AUTOS = YES_AGGRESSIVE;
				GCC_WARN_UNUSED_FUNCTION = YES;
				GCC_WARN_UNUSED_VARIABLE = YES;
				IPHONEOS_DEPLOYMENT_TARGET = 16.1;
				MTL_ENABLE_DEBUG_INFO = INCLUDE_SOURCE;
				MTL_FAST_MATH = YES;
				ONLY_ACTIVE_ARCH = YES;
				SDKROOT = iphoneos;
				SWIFT_ACTIVE_COMPILATION_CONDITIONS = DEBUG;
				SWIFT_OPTIMIZATION_LEVEL = "-Onone";
			};
			name = Debug;
		};
		786EE15A291A8476000B5126 /* Release */ = {
			isa = XCBuildConfiguration;
			buildSettings = {
				ALWAYS_SEARCH_USER_PATHS = NO;
				CLANG_ANALYZER_NONNULL = YES;
				CLANG_ANALYZER_NUMBER_OBJECT_CONVERSION = YES_AGGRESSIVE;
				CLANG_CXX_LANGUAGE_STANDARD = "gnu++20";
				CLANG_ENABLE_MODULES = YES;
				CLANG_ENABLE_OBJC_ARC = YES;
				CLANG_ENABLE_OBJC_WEAK = YES;
				CLANG_WARN_BLOCK_CAPTURE_AUTORELEASING = YES;
				CLANG_WARN_BOOL_CONVERSION = YES;
				CLANG_WARN_COMMA = YES;
				CLANG_WARN_CONSTANT_CONVERSION = YES;
				CLANG_WARN_DEPRECATED_OBJC_IMPLEMENTATIONS = YES;
				CLANG_WARN_DIRECT_OBJC_ISA_USAGE = YES_ERROR;
				CLANG_WARN_DOCUMENTATION_COMMENTS = YES;
				CLANG_WARN_EMPTY_BODY = YES;
				CLANG_WARN_ENUM_CONVERSION = YES;
				CLANG_WARN_INFINITE_RECURSION = YES;
				CLANG_WARN_INT_CONVERSION = YES;
				CLANG_WARN_NON_LITERAL_NULL_CONVERSION = YES;
				CLANG_WARN_OBJC_IMPLICIT_RETAIN_SELF = YES;
				CLANG_WARN_OBJC_LITERAL_CONVERSION = YES;
				CLANG_WARN_OBJC_ROOT_CLASS = YES_ERROR;
				CLANG_WARN_QUOTED_INCLUDE_IN_FRAMEWORK_HEADER = YES;
				CLANG_WARN_RANGE_LOOP_ANALYSIS = YES;
				CLANG_WARN_STRICT_PROTOTYPES = YES;
				CLANG_WARN_SUSPICIOUS_MOVE = YES;
				CLANG_WARN_UNGUARDED_AVAILABILITY = YES_AGGRESSIVE;
				CLANG_WARN_UNREACHABLE_CODE = YES;
				CLANG_WARN__DUPLICATE_METHOD_MATCH = YES;
				COPY_PHASE_STRIP = NO;
				DEBUG_INFORMATION_FORMAT = "dwarf-with-dsym";
				ENABLE_NS_ASSERTIONS = NO;
				ENABLE_STRICT_OBJC_MSGSEND = YES;
				GCC_C_LANGUAGE_STANDARD = gnu11;
				GCC_NO_COMMON_BLOCKS = YES;
				GCC_WARN_64_TO_32_BIT_CONVERSION = YES;
				GCC_WARN_ABOUT_RETURN_TYPE = YES_ERROR;
				GCC_WARN_UNDECLARED_SELECTOR = YES;
				GCC_WARN_UNINITIALIZED_AUTOS = YES_AGGRESSIVE;
				GCC_WARN_UNUSED_FUNCTION = YES;
				GCC_WARN_UNUSED_VARIABLE = YES;
				IPHONEOS_DEPLOYMENT_TARGET = 16.1;
				MTL_ENABLE_DEBUG_INFO = NO;
				MTL_FAST_MATH = YES;
				SDKROOT = iphoneos;
				SWIFT_COMPILATION_MODE = wholemodule;
				SWIFT_OPTIMIZATION_LEVEL = "-O";
				VALIDATE_PRODUCT = YES;
			};
			name = Release;
		};
		786EE15C291A8476000B5126 /* Debug */ = {
			isa = XCBuildConfiguration;
			buildSettings = {
				ASSETCATALOG_COMPILER_APPICON_NAME = AppIcon;
				ASSETCATALOG_COMPILER_GLOBAL_ACCENT_COLOR_NAME = AccentColor;
				CODE_SIGN_STYLE = Automatic;
				CURRENT_PROJECT_VERSION = 1;
				DEVELOPMENT_TEAM = SA322JYUUR;
				GENERATE_INFOPLIST_FILE = YES;
				INFOPLIST_FILE = MEETGREETANDEAT/Info.plist;
				INFOPLIST_KEY_UIApplicationSupportsIndirectInputEvents = YES;
				INFOPLIST_KEY_UILaunchStoryboardName = LaunchScreen;
				INFOPLIST_KEY_UIMainStoryboardFile = Main;
				INFOPLIST_KEY_UISupportedInterfaceOrientations_iPad = "UIInterfaceOrientationPortrait UIInterfaceOrientationPortraitUpsideDown UIInterfaceOrientationLandscapeLeft UIInterfaceOrientationLandscapeRight";
				INFOPLIST_KEY_UISupportedInterfaceOrientations_iPhone = "UIInterfaceOrientationPortrait UIInterfaceOrientationLandscapeLeft UIInterfaceOrientationLandscapeRight";
				LD_RUNPATH_SEARCH_PATHS = (
					"$(inherited)",
					"@executable_path/Frameworks",
				);
				MARKETING_VERSION = 1.0;
				PRODUCT_BUNDLE_IDENTIFIER = at.meetgreeteat.MEETGREETANDEAT;
				PRODUCT_NAME = "$(TARGET_NAME)";
				SWIFT_EMIT_LOC_STRINGS = YES;
				SWIFT_VERSION = 5.0;
				TARGETED_DEVICE_FAMILY = "1,2";
			};
			name = Debug;
		};
		786EE15D291A8476000B5126 /* Release */ = {
			isa = XCBuildConfiguration;
			buildSettings = {
				ASSETCATALOG_COMPILER_APPICON_NAME = AppIcon;
				ASSETCATALOG_COMPILER_GLOBAL_ACCENT_COLOR_NAME = AccentColor;
				CODE_SIGN_STYLE = Automatic;
				CURRENT_PROJECT_VERSION = 1;
				DEVELOPMENT_TEAM = SA322JYUUR;
				GENERATE_INFOPLIST_FILE = YES;
				INFOPLIST_FILE = MEETGREETANDEAT/Info.plist;
				INFOPLIST_KEY_UIApplicationSupportsIndirectInputEvents = YES;
				INFOPLIST_KEY_UILaunchStoryboardName = LaunchScreen;
				INFOPLIST_KEY_UIMainStoryboardFile = Main;
				INFOPLIST_KEY_UISupportedInterfaceOrientations_iPad = "UIInterfaceOrientationPortrait UIInterfaceOrientationPortraitUpsideDown UIInterfaceOrientationLandscapeLeft UIInterfaceOrientationLandscapeRight";
				INFOPLIST_KEY_UISupportedInterfaceOrientations_iPhone = "UIInterfaceOrientationPortrait UIInterfaceOrientationLandscapeLeft UIInterfaceOrientationLandscapeRight";
				LD_RUNPATH_SEARCH_PATHS = (
					"$(inherited)",
					"@executable_path/Frameworks",
				);
				MARKETING_VERSION = 1.0;
				PRODUCT_BUNDLE_IDENTIFIER = at.meetgreeteat.MEETGREETANDEAT;
				PRODUCT_NAME = "$(TARGET_NAME)";
				SWIFT_EMIT_LOC_STRINGS = YES;
				SWIFT_VERSION = 5.0;
				TARGETED_DEVICE_FAMILY = "1,2";
			};
			name = Release;
		};
/* End XCBuildConfiguration section */

/* Begin XCConfigurationList section */
		786EE142291A8475000B5126 /* Build configuration list for PBXProject "MEETGREETANDEAT" */ = {
			isa = XCConfigurationList;
			buildConfigurations = (
				786EE159291A8476000B5126 /* Debug */,
				786EE15A291A8476000B5126 /* Release */,
			);
			defaultConfigurationIsVisible = 0;
			defaultConfigurationName = Release;
		};
		786EE15B291A8476000B5126 /* Build configuration list for PBXNativeTarget "MEETGREETANDEAT" */ = {
			isa = XCConfigurationList;
			buildConfigurations = (
				786EE15C291A8476000B5126 /* Debug */,
				786EE15D291A8476000B5126 /* Release */,
			);
			defaultConfigurationIsVisible = 0;
			defaultConfigurationName = Release;
		};
/* End XCConfigurationList section */
	};
	rootObject = 786EE13F291A8475000B5126 /* Project object */;
}
